
Microsoft Visual Studio Solution File, Format Version 12.00
# Visual Studio 15
VisualStudioVersion = 15.0.27428.2043
MinimumVisualStudioVersion = 10.0.40219.1
Project("{FAE04EC0-301F-11D3-BF4B-00C04F79EFBC}") = "XMPL.Android", "XMPL\XMPL.Android\XMPL.Android.csproj", "{A01657F2-09C1-4ACA-94F2-01BE7DAE6E27}"
EndProject
Project("{FAE04EC0-301F-11D3-BF4B-00C04F79EFBC}") = "XMPL.UWP", "XMPL\XMPL.UWP\XMPL.UWP.csproj", "{A528E587-D414-42DE-9325-B7F76CCB7082}"
EndProject
Project("{FAE04EC0-301F-11D3-BF4B-00C04F79EFBC}") = "XMPL", "XMPL\XMPL\XMPL.csproj", "{0CE24487-4EFC-40BB-8193-2E41235CBC64}"
EndProject
Global
	GlobalSection(SolutionConfigurationPlatforms) = preSolution
		Debug|Any CPU = Debug|Any CPU
		Debug|ARM = Debug|ARM
		Debug|x64 = Debug|x64
		Debug|x86 = Debug|x86
		Release|Any CPU = Release|Any CPU
		Release|ARM = Release|ARM
		Release|x64 = Release|x64
		Release|x86 = Release|x86
	EndGlobalSection
	GlobalSection(ProjectConfigurationPlatforms) = postSolution
		{A01657F2-09C1-4ACA-94F2-01BE7DAE6E27}.Debug|Any CPU.ActiveCfg = Debug|Any CPU
		{A01657F2-09C1-4ACA-94F2-01BE7DAE6E27}.Debug|Any CPU.Build.0 = Debug|Any CPU
		{A01657F2-09C1-4ACA-94F2-01BE7DAE6E27}.Debug|Any CPU.Deploy.0 = Debug|Any CPU
		{A01657F2-09C1-4ACA-94F2-01BE7DAE6E27}.Debug|ARM.ActiveCfg = Debug|Any CPU
		{A01657F2-09C1-4ACA-94F2-01BE7DAE6E27}.Debug|ARM.Build.0 = Debug|Any CPU
		{A01657F2-09C1-4ACA-94F2-01BE7DAE6E27}.Debug|ARM.Deploy.0 = Debug|Any CPU
		{A01657F2-09C1-4ACA-94F2-01BE7DAE6E27}.Debug|x64.ActiveCfg = Debug|Any CPU
		{A01657F2-09C1-4ACA-94F2-01BE7DAE6E27}.Debug|x64.Build.0 = Debug|Any CPU
		{A01657F2-09C1-4ACA-94F2-01BE7DAE6E27}.Debug|x64.Deploy.0 = Debug|Any CPU
		{A01657F2-09C1-4ACA-94F2-01BE7DAE6E27}.Debug|x86.ActiveCfg = Debug|Any CPU
		{A01657F2-09C1-4ACA-94F2-01BE7DAE6E27}.Debug|x86.Build.0 = Debug|Any CPU
		{A01657F2-09C1-4ACA-94F2-01BE7DAE6E27}.Debug|x86.Deploy.0 = Debug|Any CPU
		{A01657F2-09C1-4ACA-94F2-01BE7DAE6E27}.Release|Any CPU.ActiveCfg = Release|Any CPU
		{A01657F2-09C1-4ACA-94F2-01BE7DAE6E27}.Release|Any CPU.Build.0 = Release|Any CPU
		{A01657F2-09C1-4ACA-94F2-01BE7DAE6E27}.Release|Any CPU.Deploy.0 = Release|Any CPU
		{A01657F2-09C1-4ACA-94F2-01BE7DAE6E27}.Release|ARM.ActiveCfg = Release|Any CPU
		{A01657F2-09C1-4ACA-94F2-01BE7DAE6E27}.Release|ARM.Build.0 = Release|Any CPU
		{A01657F2-09C1-4ACA-94F2-01BE7DAE6E27}.Release|ARM.Deploy.0 = Release|Any CPU
		{A01657F2-09C1-4ACA-94F2-01BE7DAE6E27}.Release|x64.ActiveCfg = Release|Any CPU
		{A01657F2-09C1-4ACA-94F2-01BE7DAE6E27}.Release|x64.Build.0 = Release|Any CPU
		{A01657F2-09C1-4ACA-94F2-01BE7DAE6E27}.Release|x64.Deploy.0 = Release|Any CPU
		{A01657F2-09C1-4ACA-94F2-01BE7DAE6E27}.Release|x86.ActiveCfg = Release|Any CPU
		{A01657F2-09C1-4ACA-94F2-01BE7DAE6E27}.Release|x86.Build.0 = Release|Any CPU
		{A01657F2-09C1-4ACA-94F2-01BE7DAE6E27}.Release|x86.Deploy.0 = Release|Any CPU
		{A528E587-D414-42DE-9325-B7F76CCB7082}.Debug|Any CPU.ActiveCfg = Debug|x86
		{A528E587-D414-42DE-9325-B7F76CCB7082}.Debug|Any CPU.Build.0 = Debug|x86
		{A528E587-D414-42DE-9325-B7F76CCB7082}.Debug|Any CPU.Deploy.0 = Debug|x86
		{A528E587-D414-42DE-9325-B7F76CCB7082}.Debug|ARM.ActiveCfg = Debug|ARM
		{A528E587-D414-42DE-9325-B7F76CCB7082}.Debug|ARM.Build.0 = Debug|ARM
		{A528E587-D414-42DE-9325-B7F76CCB7082}.Debug|ARM.Deploy.0 = Debug|ARM
		{A528E587-D414-42DE-9325-B7F76CCB7082}.Debug|x64.ActiveCfg = Debug|x64
		{A528E587-D414-42DE-9325-B7F76CCB7082}.Debug|x64.Build.0 = Debug|x64
		{A528E587-D414-42DE-9325-B7F76CCB7082}.Debug|x64.Deploy.0 = Debug|x64
		{A528E587-D414-42DE-9325-B7F76CCB7082}.Debug|x86.ActiveCfg = Debug|x86
		{A528E587-D414-42DE-9325-B7F76CCB7082}.Debug|x86.Build.0 = Debug|x86
		{A528E587-D414-42DE-9325-B7F76CCB7082}.Debug|x86.Deploy.0 = Debug|x86
		{A528E587-D414-42DE-9325-B7F76CCB7082}.Release|Any CPU.ActiveCfg = Release|x86
		{A528E587-D414-42DE-9325-B7F76CCB7082}.Release|Any CPU.Build.0 = Release|x86
		{A528E587-D414-42DE-9325-B7F76CCB7082}.Release|Any CPU.Deploy.0 = Release|x86
		{A528E587-D414-42DE-9325-B7F76CCB7082}.Release|ARM.ActiveCfg = Release|ARM
		{A528E587-D414-42DE-9325-B7F76CCB7082}.Release|ARM.Build.0 = Release|ARM
		{A528E587-D414-42DE-9325-B7F76CCB7082}.Release|ARM.Deploy.0 = Release|ARM
		{A528E587-D414-42DE-9325-B7F76CCB7082}.Release|x64.ActiveCfg = Release|x64
		{A528E587-D414-42DE-9325-B7F76CCB7082}.Release|x64.Build.0 = Release|x64
		{A528E587-D414-42DE-9325-B7F76CCB7082}.Release|x64.Deploy.0 = Release|x64
		{A528E587-D414-42DE-9325-B7F76CCB7082}.Release|x86.ActiveCfg = Release|x86
		{A528E587-D414-42DE-9325-B7F76CCB7082}.Release|x86.Build.0 = Release|x86
		{A528E587-D414-42DE-9325-B7F76CCB7082}.Release|x86.Deploy.0 = Release|x86
		{0CE24487-4EFC-40BB-8193-2E41235CBC64}.Debug|Any CPU.ActiveCfg = Debug|Any CPU
		{0CE24487-4EFC-40BB-8193-2E41235CBC64}.Debug|Any CPU.Build.0 = Debug|Any CPU
		{0CE24487-4EFC-40BB-8193-2E41235CBC64}.Debug|Any CPU.Deploy.0 = Debug|Any CPU
		{0CE24487-4EFC-40BB-8193-2E41235CBC64}.Debug|ARM.ActiveCfg = Debug|Any CPU
		{0CE24487-4EFC-40BB-8193-2E41235CBC64}.Debug|ARM.Build.0 = Debug|Any CPU
		{0CE24487-4EFC-40BB-8193-2E41235CBC64}.Debug|ARM.Deploy.0 = Debug|Any CPU
		{0CE24487-4EFC-40BB-8193-2E41235CBC64}.Debug|x64.ActiveCfg = Debug|Any CPU
		{0CE24487-4EFC-40BB-8193-2E41235CBC64}.Debug|x64.Build.0 = Debug|Any CPU
		{0CE24487-4EFC-40BB-8193-2E41235CBC64}.Debug|x64.Deploy.0 = Debug|Any CPU
		{0CE24487-4EFC-40BB-8193-2E41235CBC64}.Debug|x86.ActiveCfg = Debug|Any CPU
		{0CE24487-4EFC-40BB-8193-2E41235CBC64}.Debug|x86.Build.0 = Debug|Any CPU
		{0CE24487-4EFC-40BB-8193-2E41235CBC64}.Debug|x86.Deploy.0 = Debug|Any CPU
		{0CE24487-4EFC-40BB-8193-2E41235CBC64}.Release|Any CPU.ActiveCfg = Release|Any CPU
		{0CE24487-4EFC-40BB-8193-2E41235CBC64}.Release|Any CPU.Build.0 = Release|Any CPU
		{0CE24487-4EFC-40BB-8193-2E41235CBC64}.Release|Any CPU.Deploy.0 = Release|Any CPU
		{0CE24487-4EFC-40BB-8193-2E41235CBC64}.Release|ARM.ActiveCfg = Release|Any CPU
		{0CE24487-4EFC-40BB-8193-2E41235CBC64}.Release|ARM.Build.0 = Release|Any CPU
		{0CE24487-4EFC-40BB-8193-2E41235CBC64}.Release|ARM.Deploy.0 = Release|Any CPU
		{0CE24487-4EFC-40BB-8193-2E41235CBC64}.Release|x64.ActiveCfg = Release|Any CPU
		{0CE24487-4EFC-40BB-8193-2E41235CBC64}.Release|x64.Build.0 = Release|Any CPU
		{0CE24487-4EFC-40BB-8193-2E41235CBC64}.Release|x64.Deploy.0 = Release|Any CPU
		{0CE24487-4EFC-40BB-8193-2E41235CBC64}.Release|x86.ActiveCfg = Release|Any CPU
		{0CE24487-4EFC-40BB-8193-2E41235CBC64}.Release|x86.Build.0 = Release|Any CPU
		{0CE24487-4EFC-40BB-8193-2E41235CBC64}.Release|x86.Deploy.0 = Release|Any CPU
	EndGlobalSection
	GlobalSection(SolutionProperties) = preSolution
		HideSolutionNode = FALSE
	EndGlobalSection
	GlobalSection(ExtensibilityGlobals) = postSolution
		SolutionGuid = {4308818F-118F-464D-BD84-598EE2C14BAD}
	EndGlobalSection
EndGlobal
